
Microsoft Visual Studio Solution File, Format Version 12.00
# Visual Studio Version 16
VisualStudioVersion = 16.0.29001.49
MinimumVisualStudioVersion = 10.0.40219.1
Project("{FAE04EC0-301F-11D3-BF4B-00C04F79EFBC}") = "TP3_KVGN", "TP3_KVGN\TP3_KVGN.csproj", "{7F9FC5AA-83CD-4849-A362-B1EB62C3B4EC}"
EndProject
Global
	GlobalSection(SolutionConfigurationPlatforms) = preSolution
		Debug|Any CPU = Debug|Any CPU
		Release|Any CPU = Release|Any CPU
	EndGlobalSection
	GlobalSection(ProjectConfigurationPlatforms) = postSolution
		{7F9FC5AA-83CD-4849-A362-B1EB62C3B4EC}.Debug|Any CPU.ActiveCfg = Debug|Any CPU
		{7F9FC5AA-83CD-4849-A362-B1EB62C3B4EC}.Debug|Any CPU.Build.0 = Debug|Any CPU
		{7F9FC5AA-83CD-4849-A362-B1EB62C3B4EC}.Release|Any CPU.ActiveCfg = Release|Any CPU
		{7F9FC5AA-83CD-4849-A362-B1EB62C3B4EC}.Release|Any CPU.Build.0 = Release|Any CPU
	EndGlobalSection
	GlobalSection(SolutionProperties) = preSolution
		HideSolutionNode = FALSE
	EndGlobalSection
	GlobalSection(ExtensibilityGlobals) = postSolution
		SolutionGuid = {8B48688D-77DE-443C-B22D-D9B0B81C83BA}
	EndGlobalSection
EndGlobal
